// !$*UTF8*$!
{
	archiveVersion = 1;
	classes = {
	};
	objectVersion = 48;
	objects = {

/* Begin PBXBuildFile section */
		8445F70A2053068600CA2B1A /* main.c in Sources */ = {isa = PBXBuildFile; fileRef = 8445F7092053068600CA2B1A /* main.c */; };
		8482F273205DD5ED0025FC48 /* Simulation.c in Sources */ = {isa = PBXBuildFile; fileRef = 8482F272205DD5ED0025FC48 /* Simulation.c */; };
		8482F276205DD9200025FC48 /* Process.c in Sources */ = {isa = PBXBuildFile; fileRef = 8482F275205DD9200025FC48 /* Process.c */; };
		8482F279205DDD380025FC48 /* LIST.c in Sources */ = {isa = PBXBuildFile; fileRef = 8482F278205DDD380025FC48 /* LIST.c */; };
		8482F27C205F528D0025FC48 /* Semaphore.c in Sources */ = {isa = PBXBuildFile; fileRef = 8482F27B205F528D0025FC48 /* Semaphore.c */; };
/* End PBXBuildFile section */

/* Begin PBXCopyFilesBuildPhase section */
		8445F7042053068600CA2B1A /* CopyFiles */ = {
			isa = PBXCopyFilesBuildPhase;
			buildActionMask = 2147483647;
			dstPath = /usr/share/man/man1/;
			dstSubfolderSpec = 0;
			files = (
			);
			runOnlyForDeploymentPostprocessing = 1;
		};
/* End PBXCopyFilesBuildPhase section */

/* Begin PBXFileReference section */
		8445F7062053068600CA2B1A /* assignment3 */ = {isa = PBXFileReference; explicitFileType = "compiled.mach-o.executable"; includeInIndex = 0; path = assignment3; sourceTree = BUILT_PRODUCTS_DIR; };
		8445F7092053068600CA2B1A /* main.c */ = {isa = PBXFileReference; lastKnownFileType = sourcecode.c.c; path = main.c; sourceTree = "<group>"; };
		8482F271205DD5ED0025FC48 /* Simulation.h */ = {isa = PBXFileReference; lastKnownFileType = sourcecode.c.h; path = Simulation.h; sourceTree = "<group>"; };
		8482F272205DD5ED0025FC48 /* Simulation.c */ = {isa = PBXFileReference; lastKnownFileType = sourcecode.c.c; path = Simulation.c; sourceTree = "<group>"; };
		8482F274205DD9200025FC48 /* Process.h */ = {isa = PBXFileReference; lastKnownFileType = sourcecode.c.h; path = Process.h; sourceTree = "<group>"; };
		8482F275205DD9200025FC48 /* Process.c */ = {isa = PBXFileReference; lastKnownFileType = sourcecode.c.c; path = Process.c; sourceTree = "<group>"; };
		8482F277205DDD380025FC48 /* LIST.h */ = {isa = PBXFileReference; fileEncoding = 4; lastKnownFileType = sourcecode.c.h; path = LIST.h; sourceTree = "<group>"; };
		8482F278205DDD380025FC48 /* LIST.c */ = {isa = PBXFileReference; fileEncoding = 4; lastKnownFileType = sourcecode.c.c; path = LIST.c; sourceTree = "<group>"; };
		8482F27A205F528D0025FC48 /* Semaphore.h */ = {isa = PBXFileReference; lastKnownFileType = sourcecode.c.h; path = Semaphore.h; sourceTree = "<group>"; };
		8482F27B205F528D0025FC48 /* Semaphore.c */ = {isa = PBXFileReference; lastKnownFileType = sourcecode.c.c; path = Semaphore.c; sourceTree = "<group>"; };
/* End PBXFileReference section */

/* Begin PBXFrameworksBuildPhase section */
		8445F7032053068600CA2B1A /* Frameworks */ = {
			isa = PBXFrameworksBuildPhase;
			buildActionMask = 2147483647;
			files = (
			);
			runOnlyForDeploymentPostprocessing = 0;
		};
/* End PBXFrameworksBuildPhase section */

/* Begin PBXGroup section */
		8445F6FD2053068600CA2B1A = {
			isa = PBXGroup;
			children = (
				8445F7082053068600CA2B1A /* assignment3 */,
				8445F7072053068600CA2B1A /* Products */,
			);
			sourceTree = "<group>";
		};
		8445F7072053068600CA2B1A /* Products */ = {
			isa = PBXGroup;
			children = (
				8445F7062053068600CA2B1A /* assignment3 */,
			);
			name = Products;
			sourceTree = "<group>";
		};
		8445F7082053068600CA2B1A /* assignment3 */ = {
			isa = PBXGroup;
			children = (
				8445F7092053068600CA2B1A /* main.c */,
				8482F271205DD5ED0025FC48 /* Simulation.h */,
				8482F272205DD5ED0025FC48 /* Simulation.c */,
				8482F274205DD9200025FC48 /* Process.h */,
				8482F275205DD9200025FC48 /* Process.c */,
				8482F27A205F528D0025FC48 /* Semaphore.h */,
				8482F27B205F528D0025FC48 /* Semaphore.c */,
				8482F277205DDD380025FC48 /* LIST.h */,
				8482F278205DDD380025FC48 /* LIST.c */,
			);
			path = assignment3;
			sourceTree = "<group>";
		};
/* End PBXGroup section */

/* Begin PBXNativeTarget section */
		8445F7052053068600CA2B1A /* assignment3 */ = {
			isa = PBXNativeTarget;
			buildConfigurationList = 8445F70D2053068600CA2B1A /* Build configuration list for PBXNativeTarget "assignment3" */;
			buildPhases = (
				8445F7022053068600CA2B1A /* Sources */,
				8445F7032053068600CA2B1A /* Frameworks */,
				8445F7042053068600CA2B1A /* CopyFiles */,
			);
			buildRules = (
			);
			dependencies = (
			);
			name = assignment3;
			productName = assignment3;
			productReference = 8445F7062053068600CA2B1A /* assignment3 */;
			productType = "com.apple.product-type.tool";
		};
/* End PBXNativeTarget section */

/* Begin PBXProject section */
		8445F6FE2053068600CA2B1A /* Project object */ = {
			isa = PBXProject;
			attributes = {
				LastUpgradeCheck = 0920;
				ORGANIZATIONNAME = maximpuchkov;
				TargetAttributes = {
					8445F7052053068600CA2B1A = {
						CreatedOnToolsVersion = 9.2;
						ProvisioningStyle = Automatic;
					};
				};
			};
			buildConfigurationList = 8445F7012053068600CA2B1A /* Build configuration list for PBXProject "assignment3" */;
			compatibilityVersion = "Xcode 8.0";
			developmentRegion = en;
			hasScannedForEncodings = 0;
			knownRegions = (
				en,
			);
			mainGroup = 8445F6FD2053068600CA2B1A;
			productRefGroup = 8445F7072053068600CA2B1A /* Products */;
			projectDirPath = "";
			projectRoot = "";
			targets = (
				8445F7052053068600CA2B1A /* assignment3 */,
			);
		};
/* End PBXProject section */

/* Begin PBXSourcesBuildPhase section */
		8445F7022053068600CA2B1A /* Sources */ = {
			isa = PBXSourcesBuildPhase;
			buildActionMask = 2147483647;
			files = (
				8482F276205DD9200025FC48 /* Process.c in Sources */,
				8482F273205DD5ED0025FC48 /* Simulation.c in Sources */,
				8445F70A2053068600CA2B1A /* main.c in Sources */,
				8482F27C205F528D0025FC48 /* Semaphore.c in Sources */,
				8482F279205DDD380025FC48 /* LIST.c in Sources */,
			);
			runOnlyForDeploymentPostprocessing = 0;
		};
/* End PBXSourcesBuildPhase section */

/* Begin XCBuildConfiguration section */
		8445F70B2053068600CA2B1A /* Debug */ = {
			isa = XCBuildConfiguration;
			buildSettings = {
				ALWAYS_SEARCH_USER_PATHS = NO;
				CLANG_ANALYZER_NONNULL = YES;
				CLANG_ANALYZER_NUMBER_OBJECT_CONVERSION = YES_AGGRESSIVE;
				CLANG_CXX_LANGUAGE_STANDARD = "gnu++14";
				CLANG_CXX_LIBRARY = "libc++";
				CLANG_ENABLE_MODULES = YES;
				CLANG_ENABLE_OBJC_ARC = YES;
				CLANG_WARN_BLOCK_CAPTURE_AUTORELEASING = YES;
				CLANG_WARN_BOOL_CONVERSION = YES;
				CLANG_WARN_COMMA = YES;
				CLANG_WARN_CONSTANT_CONVERSION = YES;
				CLANG_WARN_DIRECT_OBJC_ISA_USAGE = YES_ERROR;
				CLANG_WARN_DOCUMENTATION_COMMENTS = YES;
				CLANG_WARN_EMPTY_BODY = YES;
				CLANG_WARN_ENUM_CONVERSION = YES;
				CLANG_WARN_INFINITE_RECURSION = YES;
				CLANG_WARN_INT_CONVERSION = YES;
				CLANG_WARN_NON_LITERAL_NULL_CONVERSION = YES;
				CLANG_WARN_OBJC_LITERAL_CONVERSION = YES;
				CLANG_WARN_OBJC_ROOT_CLASS = YES_ERROR;
				CLANG_WARN_RANGE_LOOP_ANALYSIS = YES;
				CLANG_WARN_STRICT_PROTOTYPES = YES;
				CLANG_WARN_SUSPICIOUS_MOVE = YES;
				CLANG_WARN_UNGUARDED_AVAILABILITY = YES_AGGRESSIVE;
				CLANG_WARN_UNREACHABLE_CODE = YES;
				CLANG_WARN__DUPLICATE_METHOD_MATCH = YES;
				CODE_SIGN_IDENTITY = "Mac Developer";
				COPY_PHASE_STRIP = NO;
				DEBUG_INFORMATION_FORMAT = dwarf;
				ENABLE_STRICT_OBJC_MSGSEND = YES;
				ENABLE_TESTABILITY = YES;
				GCC_C_LANGUAGE_STANDARD = gnu11;
				GCC_DYNAMIC_NO_PIC = NO;
				GCC_NO_COMMON_BLOCKS = YES;
				GCC_OPTIMIZATION_LEVEL = 0;
				GCC_PREPROCESSOR_DEFINITIONS = (
					"DEBUG=1",
					"$(inherited)",
				);
				GCC_WARN_64_TO_32_BIT_CONVERSION = YES;
				GCC_WARN_ABOUT_RETURN_TYPE = YES_ERROR;
				GCC_WARN_UNDECLARED_SELECTOR = YES;
				GCC_WARN_UNINITIALIZED_AUTOS = YES_AGGRESSIVE;
				GCC_WARN_UNUSED_FUNCTION = YES;
				GCC_WARN_UNUSED_VARIABLE = YES;
				MACOSX_DEPLOYMENT_TARGET = 10.13;
				MTL_ENABLE_DEBUG_INFO = YES;
				ONLY_ACTIVE_ARCH = YES;
				SDKROOT = macosx;
			};
			name = Debug;
		};
		8445F70C2053068600CA2B1A /* Release */ = {
			isa = XCBuildConfiguration;
			buildSettings = {
				ALWAYS_SEARCH_USER_PATHS = NO;
				CLANG_ANALYZER_NONNULL = YES;
				CLANG_ANALYZER_NUMBER_OBJECT_CONVERSION = YES_AGGRESSIVE;
				CLANG_CXX_LANGUAGE_STANDARD = "gnu++14";
				CLANG_CXX_LIBRARY = "libc++";
				CLANG_ENABLE_MODULES = YES;
				CLANG_ENABLE_OBJC_ARC = YES;
				CLANG_WARN_BLOCK_CAPTURE_AUTORELEASING = YES;
				CLANG_WARN_BOOL_CONVERSION = YES;
				CLANG_WARN_COMMA = YES;
				CLANG_WARN_CONSTANT_CONVERSION = YES;
				CLANG_WARN_DIRECT_OBJC_ISA_USAGE = YES_ERROR;
				CLANG_WARN_DOCUMENTATION_COMMENTS = YES;
				CLANG_WARN_EMPTY_BODY = YES;
				CLANG_WARN_ENUM_CONVERSION = YES;
				CLANG_WARN_INFINITE_RECURSION = YES;
				CLANG_WARN_INT_CONVERSION = YES;
				CLANG_WARN_NON_LITERAL_NULL_CONVERSION = YES;
				CLANG_WARN_OBJC_LITERAL_CONVERSION = YES;
				CLANG_WARN_OBJC_ROOT_CLASS = YES_ERROR;
				CLANG_WARN_RANGE_LOOP_ANALYSIS = YES;
				CLANG_WARN_STRICT_PROTOTYPES = YES;
				CLANG_WARN_SUSPICIOUS_MOVE = YES;
				CLANG_WARN_UNGUARDED_AVAILABILITY = YES_AGGRESSIVE;
				CLANG_WARN_UNREACHABLE_CODE = YES;
				CLANG_WARN__DUPLICATE_METHOD_MATCH = YES;
				CODE_SIGN_IDENTITY = "Mac Developer";
				COPY_PHASE_STRIP = NO;
				DEBUG_INFORMATION_FORMAT = "dwarf-with-dsym";
				ENABLE_NS_ASSERTIONS = NO;
				ENABLE_STRICT_OBJC_MSGSEND = YES;
				GCC_C_LANGUAGE_STANDARD = gnu11;
				GCC_NO_COMMON_BLOCKS = YES;
				GCC_WARN_64_TO_32_BIT_CONVERSION = YES;
				GCC_WARN_ABOUT_RETURN_TYPE = YES_ERROR;
				GCC_WARN_UNDECLARED_SELECTOR = YES;
				GCC_WARN_UNINITIALIZED_AUTOS = YES_AGGRESSIVE;
				GCC_WARN_UNUSED_FUNCTION = YES;
				GCC_WARN_UNUSED_VARIABLE = YES;
				MACOSX_DEPLOYMENT_TARGET = 10.13;
				MTL_ENABLE_DEBUG_INFO = NO;
				SDKROOT = macosx;
			};
			name = Release;
		};
		8445F70E2053068600CA2B1A /* Debug */ = {
			isa = XCBuildConfiguration;
			buildSettings = {
				CODE_SIGN_STYLE = Automatic;
				DEVELOPMENT_TEAM = U55Q33J358;
				PRODUCT_NAME = "$(TARGET_NAME)";
			};
			name = Debug;
		};
		8445F70F2053068600CA2B1A /* Release */ = {
			isa = XCBuildConfiguration;
			buildSettings = {
				CODE_SIGN_STYLE = Automatic;
				DEVELOPMENT_TEAM = U55Q33J358;
				PRODUCT_NAME = "$(TARGET_NAME)";
			};
			name = Release;
		};
/* End XCBuildConfiguration section */

/* Begin XCConfigurationList section */
		8445F7012053068600CA2B1A /* Build configuration list for PBXProject "assignment3" */ = {
			isa = XCConfigurationList;
			buildConfigurations = (
				8445F70B2053068600CA2B1A /* Debug */,
				8445F70C2053068600CA2B1A /* Release */,
			);
			defaultConfigurationIsVisible = 0;
			defaultConfigurationName = Release;
		};
		8445F70D2053068600CA2B1A /* Build configuration list for PBXNativeTarget "assignment3" */ = {
			isa = XCConfigurationList;
			buildConfigurations = (
				8445F70E2053068600CA2B1A /* Debug */,
				8445F70F2053068600CA2B1A /* Release */,
			);
			defaultConfigurationIsVisible = 0;
			defaultConfigurationName = Release;
		};
/* End XCConfigurationList section */
	};
	rootObject = 8445F6FE2053068600CA2B1A /* Project object */;
}
